
Microsoft Visual Studio Solution File, Format Version 12.00
# Visual Studio Version 17
VisualStudioVersion = 17.11.35222.181
MinimumVisualStudioVersion = 10.0.40219.1
Project("{8BC9CEB8-8B4A-11D0-8D11-00A0C91BC942}") = "Dynamic data structures", "Dynamic data structures\Dynamic data structures.vcxproj", "{7C44F8C2-D0C4-4A96-BB7B-5CCAE5F58576}"
EndProject
Global
	GlobalSection(SolutionConfigurationPlatforms) = preSolution
		Debug|x64 = Debug|x64
		Debug|x86 = Debug|x86
		Release|x64 = Release|x64
		Release|x86 = Release|x86
	EndGlobalSection
	GlobalSection(ProjectConfigurationPlatforms) = postSolution
		{7C44F8C2-D0C4-4A96-BB7B-5CCAE5F58576}.Debug|x64.ActiveCfg = Debug|x64
		{7C44F8C2-D0C4-4A96-BB7B-5CCAE5F58576}.Debug|x64.Build.0 = Debug|x64
		{7C44F8C2-D0C4-4A96-BB7B-5CCAE5F58576}.Debug|x86.ActiveCfg = Debug|Win32
		{7C44F8C2-D0C4-4A96-BB7B-5CCAE5F58576}.Debug|x86.Build.0 = Debug|Win32
		{7C44F8C2-D0C4-4A96-BB7B-5CCAE5F58576}.Release|x64.ActiveCfg = Release|x64
		{7C44F8C2-D0C4-4A96-BB7B-5CCAE5F58576}.Release|x64.Build.0 = Release|x64
		{7C44F8C2-D0C4-4A96-BB7B-5CCAE5F58576}.Release|x86.ActiveCfg = Release|Win32
		{7C44F8C2-D0C4-4A96-BB7B-5CCAE5F58576}.Release|x86.Build.0 = Release|Win32
	EndGlobalSection
	GlobalSection(SolutionProperties) = preSolution
		HideSolutionNode = FALSE
	EndGlobalSection
	GlobalSection(ExtensibilityGlobals) = postSolution
		SolutionGuid = {FFACE2EC-C17A-414F-9DCE-686D0D75F94A}
	EndGlobalSection
EndGlobal
